
Microsoft Visual Studio Solution File, Format Version 12.00
# Visual Studio 15
VisualStudioVersion = 15.0.27130.2020
MinimumVisualStudioVersion = 10.0.40219.1
Project("{FAE04EC0-301F-11D3-BF4B-00C04F79EFBC}") = "LiveWallpaper", "LiveWallpaper\LiveWallpaper.csproj", "{388BDD62-84C4-4E24-922E-B1AC5ADADD18}"
EndProject
Project("{FAE04EC0-301F-11D3-BF4B-00C04F79EFBC}") = "LiveWallpaperEngine", "LiveWallpaperEngine\LiveWallpaperEngine.csproj", "{8F67BF70-2CA4-42C0-8CC5-7A37C186BB2B}"
EndProject
Project("{C7167F0D-BC9F-4E6E-AFE1-012C56B48DB5}") = "LiveWallpaper.App", "LiveWallpaper.App\LiveWallpaper.App.wapproj", "{BB366D2A-B0D9-4D29-BBF1-A2A8859B7C2E}"
EndProject
Project("{FAE04EC0-301F-11D3-BF4B-00C04F79EFBC}") = "LiveWallpaper.Store", "LiveWallpaper.Store\LiveWallpaper.Store.csproj", "{41204506-0D80-40A7-A163-1DD9AC818D07}"
EndProject
Project("{FAE04EC0-301F-11D3-BF4B-00C04F79EFBC}") = "LiveWallpaper.Server", "LiveWallpaper.Server\LiveWallpaper.Server.csproj", "{A02BFFFD-8611-4192-92D1-D5D43344CBC9}"
EndProject
Global
	GlobalSection(SolutionConfigurationPlatforms) = preSolution
		Debug|Any CPU = Debug|Any CPU
		Debug|ARM = Debug|ARM
		Debug|x64 = Debug|x64
		Debug|x86 = Debug|x86
		DebugUWP|Any CPU = DebugUWP|Any CPU
		DebugUWP|ARM = DebugUWP|ARM
		DebugUWP|x64 = DebugUWP|x64
		DebugUWP|x86 = DebugUWP|x86
		Release|Any CPU = Release|Any CPU
		Release|ARM = Release|ARM
		Release|x64 = Release|x64
		Release|x86 = Release|x86
		ReleaseUWP|Any CPU = ReleaseUWP|Any CPU
		ReleaseUWP|ARM = ReleaseUWP|ARM
		ReleaseUWP|x64 = ReleaseUWP|x64
		ReleaseUWP|x86 = ReleaseUWP|x86
	EndGlobalSection
	GlobalSection(ProjectConfigurationPlatforms) = postSolution
		{388BDD62-84C4-4E24-922E-B1AC5ADADD18}.Debug|Any CPU.ActiveCfg = Debug|Any CPU
		{388BDD62-84C4-4E24-922E-B1AC5ADADD18}.Debug|Any CPU.Build.0 = Debug|Any CPU
		{388BDD62-84C4-4E24-922E-B1AC5ADADD18}.Debug|ARM.ActiveCfg = Debug|Any CPU
		{388BDD62-84C4-4E24-922E-B1AC5ADADD18}.Debug|ARM.Build.0 = Debug|Any CPU
		{388BDD62-84C4-4E24-922E-B1AC5ADADD18}.Debug|x64.ActiveCfg = Debug|Any CPU
		{388BDD62-84C4-4E24-922E-B1AC5ADADD18}.Debug|x64.Build.0 = Debug|Any CPU
		{388BDD62-84C4-4E24-922E-B1AC5ADADD18}.Debug|x86.ActiveCfg = Debug|x86
		{388BDD62-84C4-4E24-922E-B1AC5ADADD18}.Debug|x86.Build.0 = Debug|x86
		{388BDD62-84C4-4E24-922E-B1AC5ADADD18}.DebugUWP|Any CPU.ActiveCfg = DebugUWP|Any CPU
		{388BDD62-84C4-4E24-922E-B1AC5ADADD18}.DebugUWP|Any CPU.Build.0 = DebugUWP|Any CPU
		{388BDD62-84C4-4E24-922E-B1AC5ADADD18}.DebugUWP|ARM.ActiveCfg = DebugUWP|Any CPU
		{388BDD62-84C4-4E24-922E-B1AC5ADADD18}.DebugUWP|ARM.Build.0 = DebugUWP|Any CPU
		{388BDD62-84C4-4E24-922E-B1AC5ADADD18}.DebugUWP|x64.ActiveCfg = DebugUWP|Any CPU
		{388BDD62-84C4-4E24-922E-B1AC5ADADD18}.DebugUWP|x64.Build.0 = DebugUWP|Any CPU
		{388BDD62-84C4-4E24-922E-B1AC5ADADD18}.DebugUWP|x86.ActiveCfg = DebugUWP|x86
		{388BDD62-84C4-4E24-922E-B1AC5ADADD18}.DebugUWP|x86.Build.0 = DebugUWP|x86
		{388BDD62-84C4-4E24-922E-B1AC5ADADD18}.Release|Any CPU.ActiveCfg = Release|Any CPU
		{388BDD62-84C4-4E24-922E-B1AC5ADADD18}.Release|Any CPU.Build.0 = Release|Any CPU
		{388BDD62-84C4-4E24-922E-B1AC5ADADD18}.Release|ARM.ActiveCfg = Release|Any CPU
		{388BDD62-84C4-4E24-922E-B1AC5ADADD18}.Release|ARM.Build.0 = Release|Any CPU
		{388BDD62-84C4-4E24-922E-B1AC5ADADD18}.Release|x64.ActiveCfg = Release|Any CPU
		{388BDD62-84C4-4E24-922E-B1AC5ADADD18}.Release|x64.Build.0 = Release|Any CPU
		{388BDD62-84C4-4E24-922E-B1AC5ADADD18}.Release|x86.ActiveCfg = Release|x86
		{388BDD62-84C4-4E24-922E-B1AC5ADADD18}.Release|x86.Build.0 = Release|x86
		{388BDD62-84C4-4E24-922E-B1AC5ADADD18}.ReleaseUWP|Any CPU.ActiveCfg = ReleaseUWP|Any CPU
		{388BDD62-84C4-4E24-922E-B1AC5ADADD18}.ReleaseUWP|Any CPU.Build.0 = ReleaseUWP|Any CPU
		{388BDD62-84C4-4E24-922E-B1AC5ADADD18}.ReleaseUWP|ARM.ActiveCfg = ReleaseUWP|Any CPU
		{388BDD62-84C4-4E24-922E-B1AC5ADADD18}.ReleaseUWP|ARM.Build.0 = ReleaseUWP|Any CPU
		{388BDD62-84C4-4E24-922E-B1AC5ADADD18}.ReleaseUWP|x64.ActiveCfg = ReleaseUWP|Any CPU
		{388BDD62-84C4-4E24-922E-B1AC5ADADD18}.ReleaseUWP|x64.Build.0 = ReleaseUWP|Any CPU
		{388BDD62-84C4-4E24-922E-B1AC5ADADD18}.ReleaseUWP|x86.ActiveCfg = ReleaseUWP|x86
		{388BDD62-84C4-4E24-922E-B1AC5ADADD18}.ReleaseUWP|x86.Build.0 = ReleaseUWP|x86
		{8F67BF70-2CA4-42C0-8CC5-7A37C186BB2B}.Debug|Any CPU.ActiveCfg = Debug|Any CPU
		{8F67BF70-2CA4-42C0-8CC5-7A37C186BB2B}.Debug|Any CPU.Build.0 = Debug|Any CPU
		{8F67BF70-2CA4-42C0-8CC5-7A37C186BB2B}.Debug|ARM.ActiveCfg = Debug|Any CPU
		{8F67BF70-2CA4-42C0-8CC5-7A37C186BB2B}.Debug|ARM.Build.0 = Debug|Any CPU
		{8F67BF70-2CA4-42C0-8CC5-7A37C186BB2B}.Debug|x64.ActiveCfg = Debug|Any CPU
		{8F67BF70-2CA4-42C0-8CC5-7A37C186BB2B}.Debug|x64.Build.0 = Debug|Any CPU
		{8F67BF70-2CA4-42C0-8CC5-7A37C186BB2B}.Debug|x86.ActiveCfg = Debug|Any CPU
		{8F67BF70-2CA4-42C0-8CC5-7A37C186BB2B}.Debug|x86.Build.0 = Debug|Any CPU
		{8F67BF70-2CA4-42C0-8CC5-7A37C186BB2B}.DebugUWP|Any CPU.ActiveCfg = DebugUWP|Any CPU
		{8F67BF70-2CA4-42C0-8CC5-7A37C186BB2B}.DebugUWP|Any CPU.Build.0 = DebugUWP|Any CPU
		{8F67BF70-2CA4-42C0-8CC5-7A37C186BB2B}.DebugUWP|ARM.ActiveCfg = DebugUWP|Any CPU
		{8F67BF70-2CA4-42C0-8CC5-7A37C186BB2B}.DebugUWP|ARM.Build.0 = DebugUWP|Any CPU
		{8F67BF70-2CA4-42C0-8CC5-7A37C186BB2B}.DebugUWP|x64.ActiveCfg = DebugUWP|Any CPU
		{8F67BF70-2CA4-42C0-8CC5-7A37C186BB2B}.DebugUWP|x64.Build.0 = DebugUWP|Any CPU
		{8F67BF70-2CA4-42C0-8CC5-7A37C186BB2B}.DebugUWP|x86.ActiveCfg = DebugUWP|Any CPU
		{8F67BF70-2CA4-42C0-8CC5-7A37C186BB2B}.DebugUWP|x86.Build.0 = DebugUWP|Any CPU
		{8F67BF70-2CA4-42C0-8CC5-7A37C186BB2B}.Release|Any CPU.ActiveCfg = Release|Any CPU
		{8F67BF70-2CA4-42C0-8CC5-7A37C186BB2B}.Release|Any CPU.Build.0 = Release|Any CPU
		{8F67BF70-2CA4-42C0-8CC5-7A37C186BB2B}.Release|ARM.ActiveCfg = Release|Any CPU
		{8F67BF70-2CA4-42C0-8CC5-7A37C186BB2B}.Release|ARM.Build.0 = Release|Any CPU
		{8F67BF70-2CA4-42C0-8CC5-7A37C186BB2B}.Release|x64.ActiveCfg = Release|Any CPU
		{8F67BF70-2CA4-42C0-8CC5-7A37C186BB2B}.Release|x64.Build.0 = Release|Any CPU
		{8F67BF70-2CA4-42C0-8CC5-7A37C186BB2B}.Release|x86.ActiveCfg = Release|Any CPU
		{8F67BF70-2CA4-42C0-8CC5-7A37C186BB2B}.Release|x86.Build.0 = Release|Any CPU
		{8F67BF70-2CA4-42C0-8CC5-7A37C186BB2B}.ReleaseUWP|Any CPU.ActiveCfg = ReleaseUWP|Any CPU
		{8F67BF70-2CA4-42C0-8CC5-7A37C186BB2B}.ReleaseUWP|Any CPU.Build.0 = ReleaseUWP|Any CPU
		{8F67BF70-2CA4-42C0-8CC5-7A37C186BB2B}.ReleaseUWP|ARM.ActiveCfg = ReleaseUWP|Any CPU
		{8F67BF70-2CA4-42C0-8CC5-7A37C186BB2B}.ReleaseUWP|ARM.Build.0 = ReleaseUWP|Any CPU
		{8F67BF70-2CA4-42C0-8CC5-7A37C186BB2B}.ReleaseUWP|x64.ActiveCfg = ReleaseUWP|Any CPU
		{8F67BF70-2CA4-42C0-8CC5-7A37C186BB2B}.ReleaseUWP|x64.Build.0 = ReleaseUWP|Any CPU
		{8F67BF70-2CA4-42C0-8CC5-7A37C186BB2B}.ReleaseUWP|x86.ActiveCfg = ReleaseUWP|Any CPU
		{8F67BF70-2CA4-42C0-8CC5-7A37C186BB2B}.ReleaseUWP|x86.Build.0 = ReleaseUWP|Any CPU
		{BB366D2A-B0D9-4D29-BBF1-A2A8859B7C2E}.Debug|Any CPU.ActiveCfg = Debug|Any CPU
		{BB366D2A-B0D9-4D29-BBF1-A2A8859B7C2E}.Debug|Any CPU.Build.0 = Debug|Any CPU
		{BB366D2A-B0D9-4D29-BBF1-A2A8859B7C2E}.Debug|Any CPU.Deploy.0 = Debug|Any CPU
		{BB366D2A-B0D9-4D29-BBF1-A2A8859B7C2E}.Debug|ARM.ActiveCfg = Debug|Any CPU
		{BB366D2A-B0D9-4D29-BBF1-A2A8859B7C2E}.Debug|ARM.Build.0 = Debug|Any CPU
		{BB366D2A-B0D9-4D29-BBF1-A2A8859B7C2E}.Debug|ARM.Deploy.0 = Debug|Any CPU
		{BB366D2A-B0D9-4D29-BBF1-A2A8859B7C2E}.Debug|x64.ActiveCfg = Debug|x64
		{BB366D2A-B0D9-4D29-BBF1-A2A8859B7C2E}.Debug|x64.Build.0 = Debug|x64
		{BB366D2A-B0D9-4D29-BBF1-A2A8859B7C2E}.Debug|x64.Deploy.0 = Debug|x64
		{BB366D2A-B0D9-4D29-BBF1-A2A8859B7C2E}.Debug|x86.ActiveCfg = Debug|x86
		{BB366D2A-B0D9-4D29-BBF1-A2A8859B7C2E}.Debug|x86.Build.0 = Debug|x86
		{BB366D2A-B0D9-4D29-BBF1-A2A8859B7C2E}.Debug|x86.Deploy.0 = Debug|x86
		{BB366D2A-B0D9-4D29-BBF1-A2A8859B7C2E}.DebugUWP|Any CPU.ActiveCfg = DebugUWP|Any CPU
		{BB366D2A-B0D9-4D29-BBF1-A2A8859B7C2E}.DebugUWP|Any CPU.Build.0 = DebugUWP|Any CPU
		{BB366D2A-B0D9-4D29-BBF1-A2A8859B7C2E}.DebugUWP|Any CPU.Deploy.0 = DebugUWP|Any CPU
		{BB366D2A-B0D9-4D29-BBF1-A2A8859B7C2E}.DebugUWP|ARM.ActiveCfg = DebugUWP|Any CPU
		{BB366D2A-B0D9-4D29-BBF1-A2A8859B7C2E}.DebugUWP|ARM.Build.0 = DebugUWP|Any CPU
		{BB366D2A-B0D9-4D29-BBF1-A2A8859B7C2E}.DebugUWP|ARM.Deploy.0 = DebugUWP|Any CPU
		{BB366D2A-B0D9-4D29-BBF1-A2A8859B7C2E}.DebugUWP|x64.ActiveCfg = DebugUWP|x64
		{BB366D2A-B0D9-4D29-BBF1-A2A8859B7C2E}.DebugUWP|x64.Build.0 = DebugUWP|x64
		{BB366D2A-B0D9-4D29-BBF1-A2A8859B7C2E}.DebugUWP|x64.Deploy.0 = DebugUWP|x64
		{BB366D2A-B0D9-4D29-BBF1-A2A8859B7C2E}.DebugUWP|x86.ActiveCfg = DebugUWP|x86
		{BB366D2A-B0D9-4D29-BBF1-A2A8859B7C2E}.DebugUWP|x86.Build.0 = DebugUWP|x86
		{BB366D2A-B0D9-4D29-BBF1-A2A8859B7C2E}.DebugUWP|x86.Deploy.0 = DebugUWP|x86
		{BB366D2A-B0D9-4D29-BBF1-A2A8859B7C2E}.Release|Any CPU.ActiveCfg = Release|Any CPU
		{BB366D2A-B0D9-4D29-BBF1-A2A8859B7C2E}.Release|Any CPU.Build.0 = Release|Any CPU
		{BB366D2A-B0D9-4D29-BBF1-A2A8859B7C2E}.Release|Any CPU.Deploy.0 = Release|Any CPU
		{BB366D2A-B0D9-4D29-BBF1-A2A8859B7C2E}.Release|ARM.ActiveCfg = Release|Any CPU
		{BB366D2A-B0D9-4D29-BBF1-A2A8859B7C2E}.Release|ARM.Build.0 = Release|Any CPU
		{BB366D2A-B0D9-4D29-BBF1-A2A8859B7C2E}.Release|ARM.Deploy.0 = Release|Any CPU
		{BB366D2A-B0D9-4D29-BBF1-A2A8859B7C2E}.Release|x64.ActiveCfg = Release|x64
		{BB366D2A-B0D9-4D29-BBF1-A2A8859B7C2E}.Release|x64.Build.0 = Release|x64
		{BB366D2A-B0D9-4D29-BBF1-A2A8859B7C2E}.Release|x64.Deploy.0 = Release|x64
		{BB366D2A-B0D9-4D29-BBF1-A2A8859B7C2E}.Release|x86.ActiveCfg = Release|x86
		{BB366D2A-B0D9-4D29-BBF1-A2A8859B7C2E}.Release|x86.Build.0 = Release|x86
		{BB366D2A-B0D9-4D29-BBF1-A2A8859B7C2E}.Release|x86.Deploy.0 = Release|x86
		{BB366D2A-B0D9-4D29-BBF1-A2A8859B7C2E}.ReleaseUWP|Any CPU.ActiveCfg = ReleaseUWP|Any CPU
		{BB366D2A-B0D9-4D29-BBF1-A2A8859B7C2E}.ReleaseUWP|Any CPU.Build.0 = ReleaseUWP|Any CPU
		{BB366D2A-B0D9-4D29-BBF1-A2A8859B7C2E}.ReleaseUWP|Any CPU.Deploy.0 = ReleaseUWP|Any CPU
		{BB366D2A-B0D9-4D29-BBF1-A2A8859B7C2E}.ReleaseUWP|ARM.ActiveCfg = ReleaseUWP|Any CPU
		{BB366D2A-B0D9-4D29-BBF1-A2A8859B7C2E}.ReleaseUWP|ARM.Build.0 = ReleaseUWP|Any CPU
		{BB366D2A-B0D9-4D29-BBF1-A2A8859B7C2E}.ReleaseUWP|ARM.Deploy.0 = ReleaseUWP|Any CPU
		{BB366D2A-B0D9-4D29-BBF1-A2A8859B7C2E}.ReleaseUWP|x64.ActiveCfg = ReleaseUWP|x64
		{BB366D2A-B0D9-4D29-BBF1-A2A8859B7C2E}.ReleaseUWP|x64.Build.0 = ReleaseUWP|x64
		{BB366D2A-B0D9-4D29-BBF1-A2A8859B7C2E}.ReleaseUWP|x64.Deploy.0 = ReleaseUWP|x64
		{BB366D2A-B0D9-4D29-BBF1-A2A8859B7C2E}.ReleaseUWP|x86.ActiveCfg = ReleaseUWP|x86
		{BB366D2A-B0D9-4D29-BBF1-A2A8859B7C2E}.ReleaseUWP|x86.Build.0 = ReleaseUWP|x86
		{BB366D2A-B0D9-4D29-BBF1-A2A8859B7C2E}.ReleaseUWP|x86.Deploy.0 = ReleaseUWP|x86
		{41204506-0D80-40A7-A163-1DD9AC818D07}.Debug|Any CPU.ActiveCfg = Debug|x86
		{41204506-0D80-40A7-A163-1DD9AC818D07}.Debug|ARM.ActiveCfg = Debug|ARM
		{41204506-0D80-40A7-A163-1DD9AC818D07}.Debug|ARM.Build.0 = Debug|ARM
		{41204506-0D80-40A7-A163-1DD9AC818D07}.Debug|ARM.Deploy.0 = Debug|ARM
		{41204506-0D80-40A7-A163-1DD9AC818D07}.Debug|x64.ActiveCfg = Debug|x64
		{41204506-0D80-40A7-A163-1DD9AC818D07}.Debug|x64.Build.0 = Debug|x64
		{41204506-0D80-40A7-A163-1DD9AC818D07}.Debug|x64.Deploy.0 = Debug|x64
		{41204506-0D80-40A7-A163-1DD9AC818D07}.Debug|x86.ActiveCfg = Debug|x86
		{41204506-0D80-40A7-A163-1DD9AC818D07}.Debug|x86.Build.0 = Debug|x86
		{41204506-0D80-40A7-A163-1DD9AC818D07}.Debug|x86.Deploy.0 = Debug|x86
		{41204506-0D80-40A7-A163-1DD9AC818D07}.DebugUWP|Any CPU.ActiveCfg = Release|x64
		{41204506-0D80-40A7-A163-1DD9AC818D07}.DebugUWP|Any CPU.Build.0 = Release|x64
		{41204506-0D80-40A7-A163-1DD9AC818D07}.DebugUWP|Any CPU.Deploy.0 = Release|x64
		{41204506-0D80-40A7-A163-1DD9AC818D07}.DebugUWP|ARM.ActiveCfg = Debug|ARM
		{41204506-0D80-40A7-A163-1DD9AC818D07}.DebugUWP|ARM.Build.0 = Debug|ARM
		{41204506-0D80-40A7-A163-1DD9AC818D07}.DebugUWP|ARM.Deploy.0 = Debug|ARM
		{41204506-0D80-40A7-A163-1DD9AC818D07}.DebugUWP|x64.ActiveCfg = Debug|x64
		{41204506-0D80-40A7-A163-1DD9AC818D07}.DebugUWP|x64.Build.0 = Debug|x64
		{41204506-0D80-40A7-A163-1DD9AC818D07}.DebugUWP|x64.Deploy.0 = Debug|x64
		{41204506-0D80-40A7-A163-1DD9AC818D07}.DebugUWP|x86.ActiveCfg = Debug|x86
		{41204506-0D80-40A7-A163-1DD9AC818D07}.DebugUWP|x86.Build.0 = Debug|x86
		{41204506-0D80-40A7-A163-1DD9AC818D07}.DebugUWP|x86.Deploy.0 = Debug|x86
		{41204506-0D80-40A7-A163-1DD9AC818D07}.Release|Any CPU.ActiveCfg = Release|x86
		{41204506-0D80-40A7-A163-1DD9AC818D07}.Release|ARM.ActiveCfg = Release|ARM
		{41204506-0D80-40A7-A163-1DD9AC818D07}.Release|ARM.Build.0 = Release|ARM
		{41204506-0D80-40A7-A163-1DD9AC818D07}.Release|ARM.Deploy.0 = Release|ARM
		{41204506-0D80-40A7-A163-1DD9AC818D07}.Release|x64.ActiveCfg = Release|x64
		{41204506-0D80-40A7-A163-1DD9AC818D07}.Release|x64.Build.0 = Release|x64
		{41204506-0D80-40A7-A163-1DD9AC818D07}.Release|x64.Deploy.0 = Release|x64
		{41204506-0D80-40A7-A163-1DD9AC818D07}.Release|x86.ActiveCfg = Release|x86
		{41204506-0D80-40A7-A163-1DD9AC818D07}.Release|x86.Build.0 = Release|x86
		{41204506-0D80-40A7-A163-1DD9AC818D07}.Release|x86.Deploy.0 = Release|x86
		{41204506-0D80-40A7-A163-1DD9AC818D07}.ReleaseUWP|Any CPU.ActiveCfg = Release|x64
		{41204506-0D80-40A7-A163-1DD9AC818D07}.ReleaseUWP|Any CPU.Build.0 = Release|x64
		{41204506-0D80-40A7-A163-1DD9AC818D07}.ReleaseUWP|Any CPU.Deploy.0 = Release|x64
		{41204506-0D80-40A7-A163-1DD9AC818D07}.ReleaseUWP|ARM.ActiveCfg = Release|ARM
		{41204506-0D80-40A7-A163-1DD9AC818D07}.ReleaseUWP|ARM.Build.0 = Release|ARM
		{41204506-0D80-40A7-A163-1DD9AC818D07}.ReleaseUWP|ARM.Deploy.0 = Release|ARM
		{41204506-0D80-40A7-A163-1DD9AC818D07}.ReleaseUWP|x64.ActiveCfg = Release|x64
		{41204506-0D80-40A7-A163-1DD9AC818D07}.ReleaseUWP|x64.Build.0 = Release|x64
		{41204506-0D80-40A7-A163-1DD9AC818D07}.ReleaseUWP|x64.Deploy.0 = Release|x64
		{41204506-0D80-40A7-A163-1DD9AC818D07}.ReleaseUWP|x86.ActiveCfg = Release|x86
		{41204506-0D80-40A7-A163-1DD9AC818D07}.ReleaseUWP|x86.Build.0 = Release|x86
		{41204506-0D80-40A7-A163-1DD9AC818D07}.ReleaseUWP|x86.Deploy.0 = Release|x86
		{A02BFFFD-8611-4192-92D1-D5D43344CBC9}.Debug|Any CPU.ActiveCfg = Debug|Any CPU
		{A02BFFFD-8611-4192-92D1-D5D43344CBC9}.Debug|Any CPU.Build.0 = Debug|Any CPU
		{A02BFFFD-8611-4192-92D1-D5D43344CBC9}.Debug|ARM.ActiveCfg = Debug|Any CPU
		{A02BFFFD-8611-4192-92D1-D5D43344CBC9}.Debug|ARM.Build.0 = Debug|Any CPU
		{A02BFFFD-8611-4192-92D1-D5D43344CBC9}.Debug|x64.ActiveCfg = Debug|Any CPU
		{A02BFFFD-8611-4192-92D1-D5D43344CBC9}.Debug|x64.Build.0 = Debug|Any CPU
		{A02BFFFD-8611-4192-92D1-D5D43344CBC9}.Debug|x86.ActiveCfg = Debug|Any CPU
		{A02BFFFD-8611-4192-92D1-D5D43344CBC9}.Debug|x86.Build.0 = Debug|Any CPU
		{A02BFFFD-8611-4192-92D1-D5D43344CBC9}.DebugUWP|Any CPU.ActiveCfg = Debug|Any CPU
		{A02BFFFD-8611-4192-92D1-D5D43344CBC9}.DebugUWP|Any CPU.Build.0 = Debug|Any CPU
		{A02BFFFD-8611-4192-92D1-D5D43344CBC9}.DebugUWP|ARM.ActiveCfg = Debug|Any CPU
		{A02BFFFD-8611-4192-92D1-D5D43344CBC9}.DebugUWP|ARM.Build.0 = Debug|Any CPU
		{A02BFFFD-8611-4192-92D1-D5D43344CBC9}.DebugUWP|x64.ActiveCfg = Debug|Any CPU
		{A02BFFFD-8611-4192-92D1-D5D43344CBC9}.DebugUWP|x64.Build.0 = Debug|Any CPU
		{A02BFFFD-8611-4192-92D1-D5D43344CBC9}.DebugUWP|x86.ActiveCfg = Debug|Any CPU
		{A02BFFFD-8611-4192-92D1-D5D43344CBC9}.DebugUWP|x86.Build.0 = Debug|Any CPU
		{A02BFFFD-8611-4192-92D1-D5D43344CBC9}.Release|Any CPU.ActiveCfg = Release|Any CPU
		{A02BFFFD-8611-4192-92D1-D5D43344CBC9}.Release|Any CPU.Build.0 = Release|Any CPU
		{A02BFFFD-8611-4192-92D1-D5D43344CBC9}.Release|ARM.ActiveCfg = Release|Any CPU
		{A02BFFFD-8611-4192-92D1-D5D43344CBC9}.Release|ARM.Build.0 = Release|Any CPU
		{A02BFFFD-8611-4192-92D1-D5D43344CBC9}.Release|x64.ActiveCfg = Release|Any CPU
		{A02BFFFD-8611-4192-92D1-D5D43344CBC9}.Release|x64.Build.0 = Release|Any CPU
		{A02BFFFD-8611-4192-92D1-D5D43344CBC9}.Release|x86.ActiveCfg = Release|Any CPU
		{A02BFFFD-8611-4192-92D1-D5D43344CBC9}.Release|x86.Build.0 = Release|Any CPU
		{A02BFFFD-8611-4192-92D1-D5D43344CBC9}.ReleaseUWP|Any CPU.ActiveCfg = Release|Any CPU
		{A02BFFFD-8611-4192-92D1-D5D43344CBC9}.ReleaseUWP|Any CPU.Build.0 = Release|Any CPU
		{A02BFFFD-8611-4192-92D1-D5D43344CBC9}.ReleaseUWP|ARM.ActiveCfg = Release|Any CPU
		{A02BFFFD-8611-4192-92D1-D5D43344CBC9}.ReleaseUWP|ARM.Build.0 = Release|Any CPU
		{A02BFFFD-8611-4192-92D1-D5D43344CBC9}.ReleaseUWP|x64.ActiveCfg = Release|Any CPU
		{A02BFFFD-8611-4192-92D1-D5D43344CBC9}.ReleaseUWP|x64.Build.0 = Release|Any CPU
		{A02BFFFD-8611-4192-92D1-D5D43344CBC9}.ReleaseUWP|x86.ActiveCfg = Release|Any CPU
		{A02BFFFD-8611-4192-92D1-D5D43344CBC9}.ReleaseUWP|x86.Build.0 = Release|Any CPU
	EndGlobalSection
	GlobalSection(SolutionProperties) = preSolution
		HideSolutionNode = FALSE
	EndGlobalSection
	GlobalSection(ExtensibilityGlobals) = postSolution
		SolutionGuid = {2381404D-82F9-4E8B-B0B8-D6EC40CAE82D}
	EndGlobalSection
EndGlobal
