
Microsoft Visual Studio Solution File, Format Version 12.00
# Visual Studio Version 17
VisualStudioVersion = 17.0.31919.166
MinimumVisualStudioVersion = 10.0.40219.1
Project("{2150E333-8FDC-42A3-9474-1A3956D46DE8}") = "Docs", "Docs", "{CCE01828-8EF4-4AA4-A7BC-5DE76B679545}"
	ProjectSection(SolutionItems) = preProject
		Docs\Build.md = Docs\Build.md
		Docs\build_enginerender.ps1 = Docs\build_enginerender.ps1
		Docs\build_webrender.ps1 = Docs\build_webrender.ps1
		README.md = README.md
		Docs\README_zh.md = Docs\README_zh.md
	EndProjectSection
EndProject
Project("{9A19103F-16F7-4668-BE54-9A1E7A4F7556}") = "LiveWallpaper.LocalServer", "LiveWallpaper.LocalServer\LiveWallpaper.LocalServer.csproj", "{A567204A-96C7-45AD-AAE2-9472D1369417}"
EndProject
Project("{C7167F0D-BC9F-4E6E-AFE1-012C56B48DB5}") = "LiveWallpaper.App", "LiveWallpaper.App\LiveWallpaper.App.wapproj", "{FFD18CDE-91F1-493A-A249-2F6AC2A9B7C8}"
EndProject
Project("{2150E333-8FDC-42A3-9474-1A3956D46DE8}") = "LiveWallpaper", "LiveWallpaper", "{B472A003-F0C0-401F-9E74-6B5568D89C1A}"
EndProject
Project("{2150E333-8FDC-42A3-9474-1A3956D46DE8}") = "LiveWallpaperEngineAPI", "LiveWallpaperEngineAPI", "{9BC1BC48-93D0-4371-BD13-34799695B47E}"
EndProject
Project("{9A19103F-16F7-4668-BE54-9A1E7A4F7556}") = "LiveWallpaperEngine.Samples.NetCore.Test", "LiveWallpaperEngineAPI.Samples.NetCore.Test\LiveWallpaperEngine.Samples.NetCore.Test.csproj", "{2ADB0ACE-6CCD-43BD-B7EA-324DA041C631}"
EndProject
Project("{9A19103F-16F7-4668-BE54-9A1E7A4F7556}") = "LiveWallpaperEngineRender", "LiveWallpaperEngineRender\LiveWallpaperEngineRender.csproj", "{AB4FE445-902E-4E17-BB9B-E29D5564B965}"
EndProject
Project("{9A19103F-16F7-4668-BE54-9A1E7A4F7556}") = "LiveWallpaperEngineRender.Test", "LiveWallpaperEngineRender.Test\LiveWallpaperEngineRender.Test.csproj", "{1043FF39-A503-4E10-AE73-C89205A6B2F4}"
EndProject
Project("{2150E333-8FDC-42A3-9474-1A3956D46DE8}") = "Test", "Test", "{F593B6FB-6332-411A-A90B-7F17580A079E}"
EndProject
Project("{2150E333-8FDC-42A3-9474-1A3956D46DE8}") = "Tmp", "Tmp", "{F8387398-ED87-4696-A17D-7E5EDCDD6B3A}"
EndProject
Project("{9A19103F-16F7-4668-BE54-9A1E7A4F7556}") = "LiveWallpaperEngineAPI", "LiveWallpaperEngineAPI\LiveWallpaperEngineAPI.csproj", "{AFD27BA7-60B7-43F4-8007-8D5ABC0F8A5B}"
EndProject
Project("{9A19103F-16F7-4668-BE54-9A1E7A4F7556}") = "LiveWallpaper.Shell", "LiveWallpaper.Shell\LiveWallpaper.Shell.csproj", "{383B649E-B95C-4FA4-A492-E50CDF85B3FF}"
EndProject
Project("{9A19103F-16F7-4668-BE54-9A1E7A4F7556}") = "Mpv.NET", "Mpv.NET-lib-\src\Mpv.NET\Mpv.NET.csproj", "{AE61D31F-3384-43F4-AD91-CA1CB9ABA191}"
EndProject
Global
	GlobalSection(SolutionConfigurationPlatforms) = preSolution
		Debug|x64 = Debug|x64
		Release|x64 = Release|x64
	EndGlobalSection
	GlobalSection(ProjectConfigurationPlatforms) = postSolution
		{A567204A-96C7-45AD-AAE2-9472D1369417}.Debug|x64.ActiveCfg = Debug|x64
		{A567204A-96C7-45AD-AAE2-9472D1369417}.Debug|x64.Build.0 = Debug|x64
		{A567204A-96C7-45AD-AAE2-9472D1369417}.Release|x64.ActiveCfg = Release|x64
		{A567204A-96C7-45AD-AAE2-9472D1369417}.Release|x64.Build.0 = Release|x64
		{FFD18CDE-91F1-493A-A249-2F6AC2A9B7C8}.Debug|x64.ActiveCfg = Debug|x64
		{FFD18CDE-91F1-493A-A249-2F6AC2A9B7C8}.Debug|x64.Build.0 = Debug|x64
		{FFD18CDE-91F1-493A-A249-2F6AC2A9B7C8}.Debug|x64.Deploy.0 = Debug|x64
		{FFD18CDE-91F1-493A-A249-2F6AC2A9B7C8}.Release|x64.ActiveCfg = Release|x64
		{FFD18CDE-91F1-493A-A249-2F6AC2A9B7C8}.Release|x64.Build.0 = Release|x64
		{FFD18CDE-91F1-493A-A249-2F6AC2A9B7C8}.Release|x64.Deploy.0 = Release|x64
		{2ADB0ACE-6CCD-43BD-B7EA-324DA041C631}.Debug|x64.ActiveCfg = Debug|x64
		{2ADB0ACE-6CCD-43BD-B7EA-324DA041C631}.Debug|x64.Build.0 = Debug|x64
		{2ADB0ACE-6CCD-43BD-B7EA-324DA041C631}.Release|x64.ActiveCfg = Release|x64
		{2ADB0ACE-6CCD-43BD-B7EA-324DA041C631}.Release|x64.Build.0 = Release|x64
		{AB4FE445-902E-4E17-BB9B-E29D5564B965}.Debug|x64.ActiveCfg = Debug|x64
		{AB4FE445-902E-4E17-BB9B-E29D5564B965}.Release|x64.ActiveCfg = Release|x64
		{1043FF39-A503-4E10-AE73-C89205A6B2F4}.Debug|x64.ActiveCfg = Debug|x64
		{1043FF39-A503-4E10-AE73-C89205A6B2F4}.Debug|x64.Build.0 = Debug|x64
		{1043FF39-A503-4E10-AE73-C89205A6B2F4}.Release|x64.ActiveCfg = Release|x64
		{1043FF39-A503-4E10-AE73-C89205A6B2F4}.Release|x64.Build.0 = Release|x64
		{AFD27BA7-60B7-43F4-8007-8D5ABC0F8A5B}.Debug|x64.ActiveCfg = Debug|x64
		{AFD27BA7-60B7-43F4-8007-8D5ABC0F8A5B}.Debug|x64.Build.0 = Debug|x64
		{AFD27BA7-60B7-43F4-8007-8D5ABC0F8A5B}.Release|x64.ActiveCfg = Release|x64
		{AFD27BA7-60B7-43F4-8007-8D5ABC0F8A5B}.Release|x64.Build.0 = Release|x64
		{383B649E-B95C-4FA4-A492-E50CDF85B3FF}.Debug|x64.ActiveCfg = Debug|x64
		{383B649E-B95C-4FA4-A492-E50CDF85B3FF}.Debug|x64.Build.0 = Debug|x64
		{383B649E-B95C-4FA4-A492-E50CDF85B3FF}.Release|x64.ActiveCfg = Release|x64
		{383B649E-B95C-4FA4-A492-E50CDF85B3FF}.Release|x64.Build.0 = Release|x64
		{AE61D31F-3384-43F4-AD91-CA1CB9ABA191}.Debug|x64.ActiveCfg = Debug|x64
		{AE61D31F-3384-43F4-AD91-CA1CB9ABA191}.Debug|x64.Build.0 = Debug|x64
		{AE61D31F-3384-43F4-AD91-CA1CB9ABA191}.Release|x64.ActiveCfg = Release|Any CPU
		{AE61D31F-3384-43F4-AD91-CA1CB9ABA191}.Release|x64.Build.0 = Release|Any CPU
	EndGlobalSection
	GlobalSection(SolutionProperties) = preSolution
		HideSolutionNode = FALSE
	EndGlobalSection
	GlobalSection(NestedProjects) = preSolution
		{A567204A-96C7-45AD-AAE2-9472D1369417} = {B472A003-F0C0-401F-9E74-6B5568D89C1A}
		{2ADB0ACE-6CCD-43BD-B7EA-324DA041C631} = {F593B6FB-6332-411A-A90B-7F17580A079E}
		{AB4FE445-902E-4E17-BB9B-E29D5564B965} = {F8387398-ED87-4696-A17D-7E5EDCDD6B3A}
		{1043FF39-A503-4E10-AE73-C89205A6B2F4} = {F593B6FB-6332-411A-A90B-7F17580A079E}
		{F593B6FB-6332-411A-A90B-7F17580A079E} = {9BC1BC48-93D0-4371-BD13-34799695B47E}
		{F8387398-ED87-4696-A17D-7E5EDCDD6B3A} = {9BC1BC48-93D0-4371-BD13-34799695B47E}
		{AFD27BA7-60B7-43F4-8007-8D5ABC0F8A5B} = {9BC1BC48-93D0-4371-BD13-34799695B47E}
		{383B649E-B95C-4FA4-A492-E50CDF85B3FF} = {B472A003-F0C0-401F-9E74-6B5568D89C1A}
	EndGlobalSection
	GlobalSection(ExtensibilityGlobals) = postSolution
		SolutionGuid = {2381404D-82F9-4E8B-B0B8-D6EC40CAE82D}
	EndGlobalSection
EndGlobal
