
Microsoft Visual Studio Solution File, Format Version 12.00
# Visual Studio Version 16
VisualStudioVersion = 16.0.29209.152
MinimumVisualStudioVersion = 10.0.40219.1
Project("{2150E333-8FDC-42A3-9474-1A3956D46DE8}") = "Docs", "Docs", "{CCE01828-8EF4-4AA4-A7BC-5DE76B679545}"
	ProjectSection(SolutionItems) = preProject
		Docs\Build.md = Docs\Build.md
		Docs\build_enginerender.ps1 = Docs\build_enginerender.ps1
		Docs\build_webrender.ps1 = Docs\build_webrender.ps1
		README.md = README.md
		Docs\README_zh.md = Docs\README_zh.md
	EndProjectSection
EndProject
Project("{9A19103F-16F7-4668-BE54-9A1E7A4F7556}") = "LiveWallpaper", "LiveWallpaper\LiveWallpaper.csproj", "{5CBFD472-9092-4023-A7C7-60B3198CDA75}"
EndProject
Project("{9A19103F-16F7-4668-BE54-9A1E7A4F7556}") = "LiveWallpaper.LocalServer", "LiveWallpaper.LocalServer\LiveWallpaper.LocalServer.csproj", "{A567204A-96C7-45AD-AAE2-9472D1369417}"
EndProject
Project("{C7167F0D-BC9F-4E6E-AFE1-012C56B48DB5}") = "LiveWallpaper.App", "LiveWallpaper.App\LiveWallpaper.App.wapproj", "{FFD18CDE-91F1-493A-A249-2F6AC2A9B7C8}"
EndProject
Project("{2150E333-8FDC-42A3-9474-1A3956D46DE8}") = "LiveWallpaper", "LiveWallpaper", "{B472A003-F0C0-401F-9E74-6B5568D89C1A}"
EndProject
Project("{2150E333-8FDC-42A3-9474-1A3956D46DE8}") = "LiveWallpaperEngineAPI", "LiveWallpaperEngineAPI", "{9BC1BC48-93D0-4371-BD13-34799695B47E}"
EndProject
Project("{9A19103F-16F7-4668-BE54-9A1E7A4F7556}") = "LiveWallpaperEngineAPI", "LiveWallpaperEngineAPI\LiveWallpaperEngineAPI.csproj", "{96EA6809-790F-4C57-8A36-E00CB1B99896}"
EndProject
Project("{9A19103F-16F7-4668-BE54-9A1E7A4F7556}") = "LiveWallpaperEngine.Samples.NetCore.Test", "LiveWallpaperEngineAPI.Samples.NetCore.Test\LiveWallpaperEngine.Samples.NetCore.Test.csproj", "{2ADB0ACE-6CCD-43BD-B7EA-324DA041C631}"
EndProject
Project("{9A19103F-16F7-4668-BE54-9A1E7A4F7556}") = "LiveWallpaperEngineWebRender", "LiveWallpaperEngineWebRender\LiveWallpaperEngineWebRender.csproj", "{12C0C0D4-2ACC-45A5-949E-68116548FBBC}"
EndProject
Project("{9A19103F-16F7-4668-BE54-9A1E7A4F7556}") = "LiveWallpaperEngineRender", "LiveWallpaperEngineRender\LiveWallpaperEngineRender.csproj", "{AB4FE445-902E-4E17-BB9B-E29D5564B965}"
EndProject
Project("{9A19103F-16F7-4668-BE54-9A1E7A4F7556}") = "LiveWallpaper.UI", "LiveWallpaper.UI\LiveWallpaper.UI.csproj", "{F3C53C91-C040-429C-9344-F6AF9F0E65EA}"
EndProject
Project("{9A19103F-16F7-4668-BE54-9A1E7A4F7556}") = "LiveWallpaperEngineRender.Test", "LiveWallpaperEngineRender.Test\LiveWallpaperEngineRender.Test.csproj", "{1043FF39-A503-4E10-AE73-C89205A6B2F4}"
EndProject
Project("{2150E333-8FDC-42A3-9474-1A3956D46DE8}") = "Test", "Test", "{F593B6FB-6332-411A-A90B-7F17580A079E}"
EndProject
Global
	GlobalSection(SolutionConfigurationPlatforms) = preSolution
		Debug|x64 = Debug|x64
		Debug|x86 = Debug|x86
		Release|x64 = Release|x64
		Release|x86 = Release|x86
	EndGlobalSection
	GlobalSection(ProjectConfigurationPlatforms) = postSolution
		{5CBFD472-9092-4023-A7C7-60B3198CDA75}.Debug|x64.ActiveCfg = Debug|x64
		{5CBFD472-9092-4023-A7C7-60B3198CDA75}.Debug|x64.Build.0 = Debug|x64
		{5CBFD472-9092-4023-A7C7-60B3198CDA75}.Debug|x86.ActiveCfg = Debug|x86
		{5CBFD472-9092-4023-A7C7-60B3198CDA75}.Debug|x86.Build.0 = Debug|x86
		{5CBFD472-9092-4023-A7C7-60B3198CDA75}.Release|x64.ActiveCfg = Release|x64
		{5CBFD472-9092-4023-A7C7-60B3198CDA75}.Release|x64.Build.0 = Release|x64
		{5CBFD472-9092-4023-A7C7-60B3198CDA75}.Release|x86.ActiveCfg = Release|x86
		{5CBFD472-9092-4023-A7C7-60B3198CDA75}.Release|x86.Build.0 = Release|x86
		{A567204A-96C7-45AD-AAE2-9472D1369417}.Debug|x64.ActiveCfg = Debug|x64
		{A567204A-96C7-45AD-AAE2-9472D1369417}.Debug|x64.Build.0 = Debug|x64
		{A567204A-96C7-45AD-AAE2-9472D1369417}.Debug|x86.ActiveCfg = Debug|x86
		{A567204A-96C7-45AD-AAE2-9472D1369417}.Debug|x86.Build.0 = Debug|x86
		{A567204A-96C7-45AD-AAE2-9472D1369417}.Release|x64.ActiveCfg = Release|x64
		{A567204A-96C7-45AD-AAE2-9472D1369417}.Release|x64.Build.0 = Release|x64
		{A567204A-96C7-45AD-AAE2-9472D1369417}.Release|x86.ActiveCfg = Release|x86
		{A567204A-96C7-45AD-AAE2-9472D1369417}.Release|x86.Build.0 = Release|x86
		{FFD18CDE-91F1-493A-A249-2F6AC2A9B7C8}.Debug|x64.ActiveCfg = Debug|x64
		{FFD18CDE-91F1-493A-A249-2F6AC2A9B7C8}.Debug|x64.Build.0 = Debug|x64
		{FFD18CDE-91F1-493A-A249-2F6AC2A9B7C8}.Debug|x64.Deploy.0 = Debug|x64
		{FFD18CDE-91F1-493A-A249-2F6AC2A9B7C8}.Debug|x86.ActiveCfg = Debug|x86
		{FFD18CDE-91F1-493A-A249-2F6AC2A9B7C8}.Debug|x86.Build.0 = Debug|x86
		{FFD18CDE-91F1-493A-A249-2F6AC2A9B7C8}.Debug|x86.Deploy.0 = Debug|x86
		{FFD18CDE-91F1-493A-A249-2F6AC2A9B7C8}.Release|x64.ActiveCfg = Release|x64
		{FFD18CDE-91F1-493A-A249-2F6AC2A9B7C8}.Release|x64.Build.0 = Release|x64
		{FFD18CDE-91F1-493A-A249-2F6AC2A9B7C8}.Release|x64.Deploy.0 = Release|x64
		{FFD18CDE-91F1-493A-A249-2F6AC2A9B7C8}.Release|x86.ActiveCfg = Release|x86
		{FFD18CDE-91F1-493A-A249-2F6AC2A9B7C8}.Release|x86.Build.0 = Release|x86
		{FFD18CDE-91F1-493A-A249-2F6AC2A9B7C8}.Release|x86.Deploy.0 = Release|x86
		{96EA6809-790F-4C57-8A36-E00CB1B99896}.Debug|x64.ActiveCfg = Debug|Any CPU
		{96EA6809-790F-4C57-8A36-E00CB1B99896}.Debug|x64.Build.0 = Debug|Any CPU
		{96EA6809-790F-4C57-8A36-E00CB1B99896}.Debug|x86.ActiveCfg = Debug|Any CPU
		{96EA6809-790F-4C57-8A36-E00CB1B99896}.Debug|x86.Build.0 = Debug|Any CPU
		{96EA6809-790F-4C57-8A36-E00CB1B99896}.Release|x64.ActiveCfg = Release|Any CPU
		{96EA6809-790F-4C57-8A36-E00CB1B99896}.Release|x64.Build.0 = Release|Any CPU
		{96EA6809-790F-4C57-8A36-E00CB1B99896}.Release|x86.ActiveCfg = Release|Any CPU
		{96EA6809-790F-4C57-8A36-E00CB1B99896}.Release|x86.Build.0 = Release|Any CPU
		{2ADB0ACE-6CCD-43BD-B7EA-324DA041C631}.Debug|x64.ActiveCfg = Debug|Any CPU
		{2ADB0ACE-6CCD-43BD-B7EA-324DA041C631}.Debug|x64.Build.0 = Debug|Any CPU
		{2ADB0ACE-6CCD-43BD-B7EA-324DA041C631}.Debug|x86.ActiveCfg = Debug|Any CPU
		{2ADB0ACE-6CCD-43BD-B7EA-324DA041C631}.Debug|x86.Build.0 = Debug|Any CPU
		{2ADB0ACE-6CCD-43BD-B7EA-324DA041C631}.Release|x64.ActiveCfg = Release|Any CPU
		{2ADB0ACE-6CCD-43BD-B7EA-324DA041C631}.Release|x64.Build.0 = Release|Any CPU
		{2ADB0ACE-6CCD-43BD-B7EA-324DA041C631}.Release|x86.ActiveCfg = Release|Any CPU
		{2ADB0ACE-6CCD-43BD-B7EA-324DA041C631}.Release|x86.Build.0 = Release|Any CPU
		{12C0C0D4-2ACC-45A5-949E-68116548FBBC}.Debug|x64.ActiveCfg = Debug|x64
		{12C0C0D4-2ACC-45A5-949E-68116548FBBC}.Debug|x64.Build.0 = Debug|x64
		{12C0C0D4-2ACC-45A5-949E-68116548FBBC}.Debug|x86.ActiveCfg = Debug|x86
		{12C0C0D4-2ACC-45A5-949E-68116548FBBC}.Debug|x86.Build.0 = Debug|x86
		{12C0C0D4-2ACC-45A5-949E-68116548FBBC}.Release|x64.ActiveCfg = Release|x64
		{12C0C0D4-2ACC-45A5-949E-68116548FBBC}.Release|x64.Build.0 = Release|x64
		{12C0C0D4-2ACC-45A5-949E-68116548FBBC}.Release|x86.ActiveCfg = Release|x86
		{12C0C0D4-2ACC-45A5-949E-68116548FBBC}.Release|x86.Build.0 = Release|x86
		{AB4FE445-902E-4E17-BB9B-E29D5564B965}.Debug|x64.ActiveCfg = Debug|x86
		{AB4FE445-902E-4E17-BB9B-E29D5564B965}.Debug|x86.ActiveCfg = Debug|x86
		{AB4FE445-902E-4E17-BB9B-E29D5564B965}.Debug|x86.Build.0 = Debug|x86
		{AB4FE445-902E-4E17-BB9B-E29D5564B965}.Release|x64.ActiveCfg = Release|x86
		{AB4FE445-902E-4E17-BB9B-E29D5564B965}.Release|x86.ActiveCfg = Release|x86
		{F3C53C91-C040-429C-9344-F6AF9F0E65EA}.Debug|x64.ActiveCfg = Debug|Any CPU
		{F3C53C91-C040-429C-9344-F6AF9F0E65EA}.Debug|x64.Build.0 = Debug|Any CPU
		{F3C53C91-C040-429C-9344-F6AF9F0E65EA}.Debug|x86.ActiveCfg = Debug|Any CPU
		{F3C53C91-C040-429C-9344-F6AF9F0E65EA}.Debug|x86.Build.0 = Debug|Any CPU
		{F3C53C91-C040-429C-9344-F6AF9F0E65EA}.Release|x64.ActiveCfg = Release|Any CPU
		{F3C53C91-C040-429C-9344-F6AF9F0E65EA}.Release|x64.Build.0 = Release|Any CPU
		{F3C53C91-C040-429C-9344-F6AF9F0E65EA}.Release|x86.ActiveCfg = Release|Any CPU
		{F3C53C91-C040-429C-9344-F6AF9F0E65EA}.Release|x86.Build.0 = Release|Any CPU
		{1043FF39-A503-4E10-AE73-C89205A6B2F4}.Debug|x64.ActiveCfg = Debug|Any CPU
		{1043FF39-A503-4E10-AE73-C89205A6B2F4}.Debug|x64.Build.0 = Debug|Any CPU
		{1043FF39-A503-4E10-AE73-C89205A6B2F4}.Debug|x86.ActiveCfg = Debug|Any CPU
		{1043FF39-A503-4E10-AE73-C89205A6B2F4}.Debug|x86.Build.0 = Debug|Any CPU
		{1043FF39-A503-4E10-AE73-C89205A6B2F4}.Release|x64.ActiveCfg = Release|Any CPU
		{1043FF39-A503-4E10-AE73-C89205A6B2F4}.Release|x64.Build.0 = Release|Any CPU
		{1043FF39-A503-4E10-AE73-C89205A6B2F4}.Release|x86.ActiveCfg = Release|Any CPU
		{1043FF39-A503-4E10-AE73-C89205A6B2F4}.Release|x86.Build.0 = Release|Any CPU
	EndGlobalSection
	GlobalSection(SolutionProperties) = preSolution
		HideSolutionNode = FALSE
	EndGlobalSection
	GlobalSection(NestedProjects) = preSolution
		{5CBFD472-9092-4023-A7C7-60B3198CDA75} = {B472A003-F0C0-401F-9E74-6B5568D89C1A}
		{A567204A-96C7-45AD-AAE2-9472D1369417} = {B472A003-F0C0-401F-9E74-6B5568D89C1A}
		{96EA6809-790F-4C57-8A36-E00CB1B99896} = {9BC1BC48-93D0-4371-BD13-34799695B47E}
		{2ADB0ACE-6CCD-43BD-B7EA-324DA041C631} = {F593B6FB-6332-411A-A90B-7F17580A079E}
		{12C0C0D4-2ACC-45A5-949E-68116548FBBC} = {9BC1BC48-93D0-4371-BD13-34799695B47E}
		{AB4FE445-902E-4E17-BB9B-E29D5564B965} = {9BC1BC48-93D0-4371-BD13-34799695B47E}
		{F3C53C91-C040-429C-9344-F6AF9F0E65EA} = {B472A003-F0C0-401F-9E74-6B5568D89C1A}
		{1043FF39-A503-4E10-AE73-C89205A6B2F4} = {F593B6FB-6332-411A-A90B-7F17580A079E}
		{F593B6FB-6332-411A-A90B-7F17580A079E} = {9BC1BC48-93D0-4371-BD13-34799695B47E}
	EndGlobalSection
	GlobalSection(ExtensibilityGlobals) = postSolution
		SolutionGuid = {2381404D-82F9-4E8B-B0B8-D6EC40CAE82D}
	EndGlobalSection
EndGlobal
