
Microsoft Visual Studio Solution File, Format Version 12.00
# Visual Studio Version 17
VisualStudioVersion = 17.7.34202.233
MinimumVisualStudioVersion = 10.0.40219.1
Project("{9A19103F-16F7-4668-BE54-9A1E7A4F7556}") = "Client", "Client\Client.csproj", "{B0730DAF-CE15-4FB9-9B03-AFA5CAE5BD18}"
EndProject
Project("{C7167F0D-BC9F-4E6E-AFE1-012C56B48DB5}") = "Client.App", "Client.App\Client.App.wapproj", "{4DA8C4A4-6BF9-4D42-BFE8-D72E7704EA5D}"
EndProject
Project("{9A19103F-16F7-4668-BE54-9A1E7A4F7556}") = "Client.Test", "Client.Test\Client.Test.csproj", "{BA1345BC-DAD9-42F7-B49E-16FCD15EAC51}"
EndProject
Project("{9A19103F-16F7-4668-BE54-9A1E7A4F7556}") = "WallpaperCore", "WallpaperCore\WallpaperCore.csproj", "{D5C04FF5-2F11-4112-8ABB-47FCF788FAA9}"
EndProject
Project("{9A19103F-16F7-4668-BE54-9A1E7A4F7556}") = "WallpaperCore.Test", "WallpaperCore.Test\WallpaperCore.Test.csproj", "{E6B1AA0D-708C-4916-90A5-40F498494AE8}"
EndProject
Project("{2150E333-8FDC-42A3-9474-1A3956D46DE8}") = "Docs", "Docs", "{7D4151FB-BC16-44A4-A7A6-F71F15AEDCAA}"
	ProjectSection(SolutionItems) = preProject
		..\..\docs\0.愿景.md = ..\..\docs\0.愿景.md
		..\..\docs\1.开发.md = ..\..\docs\1.开发.md
		..\..\README.md = ..\..\README.md
	EndProjectSection
EndProject
Project("{FAE04EC0-301F-11D3-BF4B-00C04F79EFBC}") = "TestExeWallpaper", "TestExeWallpaper\TestExeWallpaper.csproj", "{32B6245B-6D24-4A89-A617-D29E5C9DFFF4}"
EndProject
Project("{2150E333-8FDC-42A3-9474-1A3956D46DE8}") = "Test", "Test", "{AB5E502B-C7EC-46AA-8EB1-2F0784672384}"
EndProject
Global
	GlobalSection(SolutionConfigurationPlatforms) = preSolution
		Debug|Any CPU = Debug|Any CPU
		Debug|x64 = Debug|x64
		Release|Any CPU = Release|Any CPU
		Release|x64 = Release|x64
	EndGlobalSection
	GlobalSection(ProjectConfigurationPlatforms) = postSolution
		{B0730DAF-CE15-4FB9-9B03-AFA5CAE5BD18}.Debug|Any CPU.ActiveCfg = Debug|x64
		{B0730DAF-CE15-4FB9-9B03-AFA5CAE5BD18}.Debug|Any CPU.Build.0 = Debug|x64
		{B0730DAF-CE15-4FB9-9B03-AFA5CAE5BD18}.Debug|x64.ActiveCfg = Debug|x64
		{B0730DAF-CE15-4FB9-9B03-AFA5CAE5BD18}.Debug|x64.Build.0 = Debug|x64
		{B0730DAF-CE15-4FB9-9B03-AFA5CAE5BD18}.Release|Any CPU.ActiveCfg = Release|x64
		{B0730DAF-CE15-4FB9-9B03-AFA5CAE5BD18}.Release|Any CPU.Build.0 = Release|x64
		{B0730DAF-CE15-4FB9-9B03-AFA5CAE5BD18}.Release|x64.ActiveCfg = Release|x64
		{B0730DAF-CE15-4FB9-9B03-AFA5CAE5BD18}.Release|x64.Build.0 = Release|x64
		{4DA8C4A4-6BF9-4D42-BFE8-D72E7704EA5D}.Debug|Any CPU.ActiveCfg = Debug|x64
		{4DA8C4A4-6BF9-4D42-BFE8-D72E7704EA5D}.Debug|Any CPU.Build.0 = Debug|x64
		{4DA8C4A4-6BF9-4D42-BFE8-D72E7704EA5D}.Debug|Any CPU.Deploy.0 = Debug|x64
		{4DA8C4A4-6BF9-4D42-BFE8-D72E7704EA5D}.Debug|x64.ActiveCfg = Debug|x64
		{4DA8C4A4-6BF9-4D42-BFE8-D72E7704EA5D}.Debug|x64.Build.0 = Debug|x64
		{4DA8C4A4-6BF9-4D42-BFE8-D72E7704EA5D}.Debug|x64.Deploy.0 = Debug|x64
		{4DA8C4A4-6BF9-4D42-BFE8-D72E7704EA5D}.Release|Any CPU.ActiveCfg = Release|x64
		{4DA8C4A4-6BF9-4D42-BFE8-D72E7704EA5D}.Release|Any CPU.Build.0 = Release|x64
		{4DA8C4A4-6BF9-4D42-BFE8-D72E7704EA5D}.Release|Any CPU.Deploy.0 = Release|x64
		{4DA8C4A4-6BF9-4D42-BFE8-D72E7704EA5D}.Release|x64.ActiveCfg = Release|x64
		{4DA8C4A4-6BF9-4D42-BFE8-D72E7704EA5D}.Release|x64.Build.0 = Release|x64
		{4DA8C4A4-6BF9-4D42-BFE8-D72E7704EA5D}.Release|x64.Deploy.0 = Release|x64
		{BA1345BC-DAD9-42F7-B49E-16FCD15EAC51}.Debug|Any CPU.ActiveCfg = Debug|x64
		{BA1345BC-DAD9-42F7-B49E-16FCD15EAC51}.Debug|Any CPU.Build.0 = Debug|x64
		{BA1345BC-DAD9-42F7-B49E-16FCD15EAC51}.Debug|x64.ActiveCfg = Debug|x64
		{BA1345BC-DAD9-42F7-B49E-16FCD15EAC51}.Debug|x64.Build.0 = Debug|x64
		{BA1345BC-DAD9-42F7-B49E-16FCD15EAC51}.Release|Any CPU.ActiveCfg = Release|x64
		{BA1345BC-DAD9-42F7-B49E-16FCD15EAC51}.Release|Any CPU.Build.0 = Release|x64
		{BA1345BC-DAD9-42F7-B49E-16FCD15EAC51}.Release|x64.ActiveCfg = Release|x64
		{BA1345BC-DAD9-42F7-B49E-16FCD15EAC51}.Release|x64.Build.0 = Release|x64
		{D5C04FF5-2F11-4112-8ABB-47FCF788FAA9}.Debug|Any CPU.ActiveCfg = Debug|x64
		{D5C04FF5-2F11-4112-8ABB-47FCF788FAA9}.Debug|Any CPU.Build.0 = Debug|x64
		{D5C04FF5-2F11-4112-8ABB-47FCF788FAA9}.Debug|x64.ActiveCfg = Debug|x64
		{D5C04FF5-2F11-4112-8ABB-47FCF788FAA9}.Debug|x64.Build.0 = Debug|x64
		{D5C04FF5-2F11-4112-8ABB-47FCF788FAA9}.Release|Any CPU.ActiveCfg = Release|x64
		{D5C04FF5-2F11-4112-8ABB-47FCF788FAA9}.Release|Any CPU.Build.0 = Release|x64
		{D5C04FF5-2F11-4112-8ABB-47FCF788FAA9}.Release|x64.ActiveCfg = Release|x64
		{D5C04FF5-2F11-4112-8ABB-47FCF788FAA9}.Release|x64.Build.0 = Release|x64
		{E6B1AA0D-708C-4916-90A5-40F498494AE8}.Debug|Any CPU.ActiveCfg = Debug|x64
		{E6B1AA0D-708C-4916-90A5-40F498494AE8}.Debug|Any CPU.Build.0 = Debug|x64
		{E6B1AA0D-708C-4916-90A5-40F498494AE8}.Debug|x64.ActiveCfg = Debug|x64
		{E6B1AA0D-708C-4916-90A5-40F498494AE8}.Debug|x64.Build.0 = Debug|x64
		{E6B1AA0D-708C-4916-90A5-40F498494AE8}.Release|Any CPU.ActiveCfg = Release|x64
		{E6B1AA0D-708C-4916-90A5-40F498494AE8}.Release|Any CPU.Build.0 = Release|x64
		{E6B1AA0D-708C-4916-90A5-40F498494AE8}.Release|x64.ActiveCfg = Release|x64
		{E6B1AA0D-708C-4916-90A5-40F498494AE8}.Release|x64.Build.0 = Release|x64
		{32B6245B-6D24-4A89-A617-D29E5C9DFFF4}.Debug|Any CPU.ActiveCfg = Debug|Any CPU
		{32B6245B-6D24-4A89-A617-D29E5C9DFFF4}.Debug|Any CPU.Build.0 = Debug|Any CPU
		{32B6245B-6D24-4A89-A617-D29E5C9DFFF4}.Debug|x64.ActiveCfg = Debug|Any CPU
		{32B6245B-6D24-4A89-A617-D29E5C9DFFF4}.Debug|x64.Build.0 = Debug|Any CPU
		{32B6245B-6D24-4A89-A617-D29E5C9DFFF4}.Release|Any CPU.ActiveCfg = Release|Any CPU
		{32B6245B-6D24-4A89-A617-D29E5C9DFFF4}.Release|Any CPU.Build.0 = Release|Any CPU
		{32B6245B-6D24-4A89-A617-D29E5C9DFFF4}.Release|x64.ActiveCfg = Release|Any CPU
		{32B6245B-6D24-4A89-A617-D29E5C9DFFF4}.Release|x64.Build.0 = Release|Any CPU
	EndGlobalSection
	GlobalSection(SolutionProperties) = preSolution
		HideSolutionNode = FALSE
	EndGlobalSection
	GlobalSection(NestedProjects) = preSolution
		{BA1345BC-DAD9-42F7-B49E-16FCD15EAC51} = {AB5E502B-C7EC-46AA-8EB1-2F0784672384}
		{E6B1AA0D-708C-4916-90A5-40F498494AE8} = {AB5E502B-C7EC-46AA-8EB1-2F0784672384}
		{32B6245B-6D24-4A89-A617-D29E5C9DFFF4} = {AB5E502B-C7EC-46AA-8EB1-2F0784672384}
	EndGlobalSection
	GlobalSection(ExtensibilityGlobals) = postSolution
		SolutionGuid = {91A0A514-25D3-46E2-B1AD-38F70928448F}
	EndGlobalSection
EndGlobal
