
Microsoft Visual Studio Solution File, Format Version 12.00
# Visual Studio Version 17
VisualStudioVersion = 17.7.34202.233
MinimumVisualStudioVersion = 10.0.40219.1
Project("{9A19103F-16F7-4668-BE54-9A1E7A4F7556}") = "Client", "Client\Client.csproj", "{B0730DAF-CE15-4FB9-9B03-AFA5CAE5BD18}"
EndProject
Project("{C7167F0D-BC9F-4E6E-AFE1-012C56B48DB5}") = "Client.App", "Client.App\Client.App.wapproj", "{4DA8C4A4-6BF9-4D42-BFE8-D72E7704EA5D}"
EndProject
Project("{9A19103F-16F7-4668-BE54-9A1E7A4F7556}") = "Client.Test", "Client.Test\Client.Test.csproj", "{BA1345BC-DAD9-42F7-B49E-16FCD15EAC51}"
EndProject
Project("{9A19103F-16F7-4668-BE54-9A1E7A4F7556}") = "WallpaperCore", "WallpaperCore\WallpaperCore.csproj", "{D5C04FF5-2F11-4112-8ABB-47FCF788FAA9}"
EndProject
Project("{9A19103F-16F7-4668-BE54-9A1E7A4F7556}") = "WallpaperCore.Test", "WallpaperCore.Test\WallpaperCore.Test.csproj", "{E6B1AA0D-708C-4916-90A5-40F498494AE8}"
EndProject
Project("{2150E333-8FDC-42A3-9474-1A3956D46DE8}") = "Docs", "Docs", "{7D4151FB-BC16-44A4-A7A6-F71F15AEDCAA}"
	ProjectSection(SolutionItems) = preProject
		..\..\docs\0.愿景.md = ..\..\docs\0.愿景.md
		..\..\docs\1.开发.md = ..\..\docs\1.开发.md
		..\..\docs\2.更新记录.md = ..\..\docs\2.更新记录.md
		..\..\README.md = ..\..\README.md
	EndProjectSection
EndProject
Project("{9A19103F-16F7-4668-BE54-9A1E7A4F7556}") = "TestExeWallpaper", "TestExeWallpaper\TestExeWallpaper.csproj", "{32B6245B-6D24-4A89-A617-D29E5C9DFFF4}"
EndProject
Project("{2150E333-8FDC-42A3-9474-1A3956D46DE8}") = "Test", "Test", "{AB5E502B-C7EC-46AA-8EB1-2F0784672384}"
EndProject
Project("{2150E333-8FDC-42A3-9474-1A3956D46DE8}") = "Players", "Players", "{D656259A-5983-4579-B9E9-E95E22805CEE}"
EndProject
Project("{9A19103F-16F7-4668-BE54-9A1E7A4F7556}") = "Player.Video", "Player.Video\Player.Video.csproj", "{E743A0E2-2DDF-4154-86CD-00BE41773B96}"
EndProject
Project("{9A19103F-16F7-4668-BE54-9A1E7A4F7556}") = "Player.Web", "Player.Web\Player.Web.csproj", "{D16C3450-9E1C-4256-A836-F4BAD9E3C38E}"
EndProject
Project("{D954291E-2A0B-460D-934E-DC6B0785DB48}") = "Player.Shared", "Player.Shared\Player.Shared.shproj", "{56E54249-6961-48E7-9B45-52C0E4D17A7E}"
EndProject
Project("{D954291E-2A0B-460D-934E-DC6B0785DB48}") = "Client.Shared", "Client.Shared\Client.Shared.shproj", "{E1E1CA46-C7F8-4B7A-A226-3B8B53083CEB}"
EndProject
Global
	GlobalSection(SolutionConfigurationPlatforms) = preSolution
		Debug|x64 = Debug|x64
		Release|x64 = Release|x64
	EndGlobalSection
	GlobalSection(ProjectConfigurationPlatforms) = postSolution
		{B0730DAF-CE15-4FB9-9B03-AFA5CAE5BD18}.Debug|x64.ActiveCfg = Debug|x64
		{B0730DAF-CE15-4FB9-9B03-AFA5CAE5BD18}.Debug|x64.Build.0 = Debug|x64
		{B0730DAF-CE15-4FB9-9B03-AFA5CAE5BD18}.Release|x64.ActiveCfg = Release|x64
		{B0730DAF-CE15-4FB9-9B03-AFA5CAE5BD18}.Release|x64.Build.0 = Release|x64
		{4DA8C4A4-6BF9-4D42-BFE8-D72E7704EA5D}.Debug|x64.ActiveCfg = Debug|x64
		{4DA8C4A4-6BF9-4D42-BFE8-D72E7704EA5D}.Debug|x64.Build.0 = Debug|x64
		{4DA8C4A4-6BF9-4D42-BFE8-D72E7704EA5D}.Debug|x64.Deploy.0 = Debug|x64
		{4DA8C4A4-6BF9-4D42-BFE8-D72E7704EA5D}.Release|x64.ActiveCfg = Release|x64
		{4DA8C4A4-6BF9-4D42-BFE8-D72E7704EA5D}.Release|x64.Build.0 = Release|x64
		{4DA8C4A4-6BF9-4D42-BFE8-D72E7704EA5D}.Release|x64.Deploy.0 = Release|x64
		{BA1345BC-DAD9-42F7-B49E-16FCD15EAC51}.Debug|x64.ActiveCfg = Debug|x64
		{BA1345BC-DAD9-42F7-B49E-16FCD15EAC51}.Debug|x64.Build.0 = Debug|x64
		{BA1345BC-DAD9-42F7-B49E-16FCD15EAC51}.Release|x64.ActiveCfg = Release|x64
		{BA1345BC-DAD9-42F7-B49E-16FCD15EAC51}.Release|x64.Build.0 = Release|x64
		{D5C04FF5-2F11-4112-8ABB-47FCF788FAA9}.Debug|x64.ActiveCfg = Debug|x64
		{D5C04FF5-2F11-4112-8ABB-47FCF788FAA9}.Debug|x64.Build.0 = Debug|x64
		{D5C04FF5-2F11-4112-8ABB-47FCF788FAA9}.Release|x64.ActiveCfg = Release|x64
		{D5C04FF5-2F11-4112-8ABB-47FCF788FAA9}.Release|x64.Build.0 = Release|x64
		{E6B1AA0D-708C-4916-90A5-40F498494AE8}.Debug|x64.ActiveCfg = Debug|x64
		{E6B1AA0D-708C-4916-90A5-40F498494AE8}.Debug|x64.Build.0 = Debug|x64
		{E6B1AA0D-708C-4916-90A5-40F498494AE8}.Release|x64.ActiveCfg = Release|x64
		{E6B1AA0D-708C-4916-90A5-40F498494AE8}.Release|x64.Build.0 = Release|x64
		{32B6245B-6D24-4A89-A617-D29E5C9DFFF4}.Debug|x64.ActiveCfg = Debug|x64
		{32B6245B-6D24-4A89-A617-D29E5C9DFFF4}.Debug|x64.Build.0 = Debug|x64
		{32B6245B-6D24-4A89-A617-D29E5C9DFFF4}.Release|x64.ActiveCfg = Release|x64
		{32B6245B-6D24-4A89-A617-D29E5C9DFFF4}.Release|x64.Build.0 = Release|x64
		{E743A0E2-2DDF-4154-86CD-00BE41773B96}.Debug|x64.ActiveCfg = Debug|x64
		{E743A0E2-2DDF-4154-86CD-00BE41773B96}.Debug|x64.Build.0 = Debug|x64
		{E743A0E2-2DDF-4154-86CD-00BE41773B96}.Release|x64.ActiveCfg = Release|x64
		{E743A0E2-2DDF-4154-86CD-00BE41773B96}.Release|x64.Build.0 = Release|x64
		{D16C3450-9E1C-4256-A836-F4BAD9E3C38E}.Debug|x64.ActiveCfg = Debug|x64
		{D16C3450-9E1C-4256-A836-F4BAD9E3C38E}.Debug|x64.Build.0 = Debug|x64
		{D16C3450-9E1C-4256-A836-F4BAD9E3C38E}.Release|x64.ActiveCfg = Release|x64
		{D16C3450-9E1C-4256-A836-F4BAD9E3C38E}.Release|x64.Build.0 = Release|x64
	EndGlobalSection
	GlobalSection(SolutionProperties) = preSolution
		HideSolutionNode = FALSE
	EndGlobalSection
	GlobalSection(NestedProjects) = preSolution
		{BA1345BC-DAD9-42F7-B49E-16FCD15EAC51} = {AB5E502B-C7EC-46AA-8EB1-2F0784672384}
		{E6B1AA0D-708C-4916-90A5-40F498494AE8} = {AB5E502B-C7EC-46AA-8EB1-2F0784672384}
		{32B6245B-6D24-4A89-A617-D29E5C9DFFF4} = {AB5E502B-C7EC-46AA-8EB1-2F0784672384}
		{E743A0E2-2DDF-4154-86CD-00BE41773B96} = {D656259A-5983-4579-B9E9-E95E22805CEE}
		{D16C3450-9E1C-4256-A836-F4BAD9E3C38E} = {D656259A-5983-4579-B9E9-E95E22805CEE}
		{56E54249-6961-48E7-9B45-52C0E4D17A7E} = {D656259A-5983-4579-B9E9-E95E22805CEE}
	EndGlobalSection
	GlobalSection(ExtensibilityGlobals) = postSolution
		SolutionGuid = {91A0A514-25D3-46E2-B1AD-38F70928448F}
	EndGlobalSection
	GlobalSection(SharedMSBuildProjectFiles) = preSolution
		Player.Shared\Player.Shared.projitems*{56e54249-6961-48e7-9b45-52c0e4d17a7e}*SharedItemsImports = 13
		Client.Shared\Client.Shared.projitems*{b0730daf-ce15-4fb9-9b03-afa5cae5bd18}*SharedItemsImports = 5
		Client.Shared\Client.Shared.projitems*{d16c3450-9e1c-4256-a836-f4bad9e3c38e}*SharedItemsImports = 5
		Player.Shared\Player.Shared.projitems*{d16c3450-9e1c-4256-a836-f4bad9e3c38e}*SharedItemsImports = 5
		Client.Shared\Client.Shared.projitems*{e1e1ca46-c7f8-4b7a-a226-3b8b53083ceb}*SharedItemsImports = 13
		Client.Shared\Client.Shared.projitems*{e743a0e2-2ddf-4154-86cd-00be41773b96}*SharedItemsImports = 5
		Player.Shared\Player.Shared.projitems*{e743a0e2-2ddf-4154-86cd-00be41773b96}*SharedItemsImports = 5
	EndGlobalSection
EndGlobal
