
Microsoft Visual Studio Solution File, Format Version 12.00
# Visual Studio Version 17
VisualStudioVersion = 17.4.33103.184
MinimumVisualStudioVersion = 10.0.40219.1
Project("{9A19103F-16F7-4668-BE54-9A1E7A4F7556}") = "LiveWallpaper", "LiveWallpaper\LiveWallpaper.csproj", "{1913702D-FFCD-4D63-A428-9A9B334EB258}"
EndProject
Project("{2150E333-8FDC-42A3-9474-1A3956D46DE8}") = "Docs", "Docs", "{4BF212B6-7B7A-49CA-B153-EC997C8320EB}"
	ProjectSection(SolutionItems) = preProject
		..\README.md = ..\README.md
	EndProjectSection
EndProject
Global
	GlobalSection(SolutionConfigurationPlatforms) = preSolution
		Debug|Any CPU = Debug|Any CPU
		Release|Any CPU = Release|Any CPU
	EndGlobalSection
	GlobalSection(ProjectConfigurationPlatforms) = postSolution
		{1913702D-FFCD-4D63-A428-9A9B334EB258}.Debug|Any CPU.ActiveCfg = Debug|Any CPU
		{1913702D-FFCD-4D63-A428-9A9B334EB258}.Debug|Any CPU.Build.0 = Debug|Any CPU
		{1913702D-FFCD-4D63-A428-9A9B334EB258}.Release|Any CPU.ActiveCfg = Release|Any CPU
		{1913702D-FFCD-4D63-A428-9A9B334EB258}.Release|Any CPU.Build.0 = Release|Any CPU
	EndGlobalSection
	GlobalSection(SolutionProperties) = preSolution
		HideSolutionNode = FALSE
	EndGlobalSection
	GlobalSection(ExtensibilityGlobals) = postSolution
		SolutionGuid = {1F74B1DF-1868-44EA-A026-B4431C587AE8}
	EndGlobalSection
EndGlobal
