
Microsoft Visual Studio Solution File, Format Version 12.00
# Visual Studio Version 17
VisualStudioVersion = 17.4.33103.184
MinimumVisualStudioVersion = 10.0.40219.1
Project("{9A19103F-16F7-4668-BE54-9A1E7A4F7556}") = "LiveWallpaper", "LiveWallpaper\LiveWallpaper.csproj", "{1913702D-FFCD-4D63-A428-9A9B334EB258}"
EndProject
Project("{2150E333-8FDC-42A3-9474-1A3956D46DE8}") = "Docs", "Docs", "{4BF212B6-7B7A-49CA-B153-EC997C8320EB}"
	ProjectSection(SolutionItems) = preProject
		..\README.md = ..\README.md
	EndProjectSection
EndProject
Project("{9A19103F-16F7-4668-BE54-9A1E7A4F7556}") = "GiantappUI", "GiantappUI\GiantappUI.csproj", "{39D47227-E051-45F2-96CD-8494E25FC5E7}"
EndProject
Project("{FAE04EC0-301F-11D3-BF4B-00C04F79EFBC}") = "LiveWallpaper.TestProject", "LiveWallpaper.TestProject\LiveWallpaper.TestProject.csproj", "{7C2BE68D-BBFC-4CF3-9B8A-3436B943CD49}"
EndProject
Project("{FAE04EC0-301F-11D3-BF4B-00C04F79EFBC}") = "GiantappUI.TestProject", "GiantappUI.TestProject\GiantappUI.TestProject.csproj", "{AB810350-F3DC-4B89-8213-1A2CB0BCF14B}"
EndProject
Global
	GlobalSection(SolutionConfigurationPlatforms) = preSolution
		Debug|Any CPU = Debug|Any CPU
		Release|Any CPU = Release|Any CPU
	EndGlobalSection
	GlobalSection(ProjectConfigurationPlatforms) = postSolution
		{1913702D-FFCD-4D63-A428-9A9B334EB258}.Debug|Any CPU.ActiveCfg = Debug|Any CPU
		{1913702D-FFCD-4D63-A428-9A9B334EB258}.Debug|Any CPU.Build.0 = Debug|Any CPU
		{1913702D-FFCD-4D63-A428-9A9B334EB258}.Release|Any CPU.ActiveCfg = Release|Any CPU
		{1913702D-FFCD-4D63-A428-9A9B334EB258}.Release|Any CPU.Build.0 = Release|Any CPU
		{39D47227-E051-45F2-96CD-8494E25FC5E7}.Debug|Any CPU.ActiveCfg = Debug|Any CPU
		{39D47227-E051-45F2-96CD-8494E25FC5E7}.Debug|Any CPU.Build.0 = Debug|Any CPU
		{39D47227-E051-45F2-96CD-8494E25FC5E7}.Release|Any CPU.ActiveCfg = Release|Any CPU
		{39D47227-E051-45F2-96CD-8494E25FC5E7}.Release|Any CPU.Build.0 = Release|Any CPU
		{7C2BE68D-BBFC-4CF3-9B8A-3436B943CD49}.Debug|Any CPU.ActiveCfg = Debug|Any CPU
		{7C2BE68D-BBFC-4CF3-9B8A-3436B943CD49}.Debug|Any CPU.Build.0 = Debug|Any CPU
		{7C2BE68D-BBFC-4CF3-9B8A-3436B943CD49}.Release|Any CPU.ActiveCfg = Release|Any CPU
		{7C2BE68D-BBFC-4CF3-9B8A-3436B943CD49}.Release|Any CPU.Build.0 = Release|Any CPU
		{AB810350-F3DC-4B89-8213-1A2CB0BCF14B}.Debug|Any CPU.ActiveCfg = Debug|Any CPU
		{AB810350-F3DC-4B89-8213-1A2CB0BCF14B}.Debug|Any CPU.Build.0 = Debug|Any CPU
		{AB810350-F3DC-4B89-8213-1A2CB0BCF14B}.Release|Any CPU.ActiveCfg = Release|Any CPU
		{AB810350-F3DC-4B89-8213-1A2CB0BCF14B}.Release|Any CPU.Build.0 = Release|Any CPU
	EndGlobalSection
	GlobalSection(SolutionProperties) = preSolution
		HideSolutionNode = FALSE
	EndGlobalSection
	GlobalSection(ExtensibilityGlobals) = postSolution
		SolutionGuid = {1F74B1DF-1868-44EA-A026-B4431C587AE8}
	EndGlobalSection
EndGlobal
