
Microsoft Visual Studio Solution File, Format Version 12.00
# Visual Studio Version 17
VisualStudioVersion = 17.4.33103.184
MinimumVisualStudioVersion = 10.0.40219.1
Project("{9A19103F-16F7-4668-BE54-9A1E7A4F7556}") = "LiveWallpaper", "LiveWallpaper\LiveWallpaper.csproj", "{1913702D-FFCD-4D63-A428-9A9B334EB258}"
EndProject
Project("{2150E333-8FDC-42A3-9474-1A3956D46DE8}") = "Docs", "Docs", "{4BF212B6-7B7A-49CA-B153-EC997C8320EB}"
	ProjectSection(SolutionItems) = preProject
		..\docs\DEV.md = ..\docs\DEV.md
		..\README.md = ..\README.md
	EndProjectSection
EndProject
Project("{9A19103F-16F7-4668-BE54-9A1E7A4F7556}") = "GiantappUI", "GiantappUI\GiantappUI.csproj", "{39D47227-E051-45F2-96CD-8494E25FC5E7}"
EndProject
Project("{9A19103F-16F7-4668-BE54-9A1E7A4F7556}") = "LiveWallpaper.TestProject", "LiveWallpaper.TestProject\LiveWallpaper.TestProject.csproj", "{7C2BE68D-BBFC-4CF3-9B8A-3436B943CD49}"
EndProject
Project("{9A19103F-16F7-4668-BE54-9A1E7A4F7556}") = "GiantappUI.TestProject", "GiantappUI.TestProject\GiantappUI.TestProject.csproj", "{AB810350-F3DC-4B89-8213-1A2CB0BCF14B}"
EndProject
Project("{C7167F0D-BC9F-4E6E-AFE1-012C56B48DB5}") = "LiveWallpaper.App", "LiveWallpaper.App\LiveWallpaper.App.wapproj", "{336A1D06-7E52-4039-AA8C-A1D05EB99799}"
EndProject
Global
	GlobalSection(SolutionConfigurationPlatforms) = preSolution
		Debug|Any CPU = Debug|Any CPU
		Debug|ARM = Debug|ARM
		Debug|ARM64 = Debug|ARM64
		Debug|x64 = Debug|x64
		Debug|x86 = Debug|x86
		Release|Any CPU = Release|Any CPU
		Release|ARM = Release|ARM
		Release|ARM64 = Release|ARM64
		Release|x64 = Release|x64
		Release|x86 = Release|x86
	EndGlobalSection
	GlobalSection(ProjectConfigurationPlatforms) = postSolution
		{1913702D-FFCD-4D63-A428-9A9B334EB258}.Debug|Any CPU.ActiveCfg = Debug|x64
		{1913702D-FFCD-4D63-A428-9A9B334EB258}.Debug|Any CPU.Build.0 = Debug|x64
		{1913702D-FFCD-4D63-A428-9A9B334EB258}.Debug|ARM.ActiveCfg = Debug|x64
		{1913702D-FFCD-4D63-A428-9A9B334EB258}.Debug|ARM.Build.0 = Debug|x64
		{1913702D-FFCD-4D63-A428-9A9B334EB258}.Debug|ARM64.ActiveCfg = Debug|x64
		{1913702D-FFCD-4D63-A428-9A9B334EB258}.Debug|ARM64.Build.0 = Debug|x64
		{1913702D-FFCD-4D63-A428-9A9B334EB258}.Debug|x64.ActiveCfg = Debug|x64
		{1913702D-FFCD-4D63-A428-9A9B334EB258}.Debug|x64.Build.0 = Debug|x64
		{1913702D-FFCD-4D63-A428-9A9B334EB258}.Debug|x86.ActiveCfg = Debug|x64
		{1913702D-FFCD-4D63-A428-9A9B334EB258}.Debug|x86.Build.0 = Debug|x64
		{1913702D-FFCD-4D63-A428-9A9B334EB258}.Release|Any CPU.ActiveCfg = Release|x64
		{1913702D-FFCD-4D63-A428-9A9B334EB258}.Release|Any CPU.Build.0 = Release|x64
		{1913702D-FFCD-4D63-A428-9A9B334EB258}.Release|ARM.ActiveCfg = Release|x64
		{1913702D-FFCD-4D63-A428-9A9B334EB258}.Release|ARM.Build.0 = Release|x64
		{1913702D-FFCD-4D63-A428-9A9B334EB258}.Release|ARM64.ActiveCfg = Release|x64
		{1913702D-FFCD-4D63-A428-9A9B334EB258}.Release|ARM64.Build.0 = Release|x64
		{1913702D-FFCD-4D63-A428-9A9B334EB258}.Release|x64.ActiveCfg = Release|x64
		{1913702D-FFCD-4D63-A428-9A9B334EB258}.Release|x64.Build.0 = Release|x64
		{1913702D-FFCD-4D63-A428-9A9B334EB258}.Release|x86.ActiveCfg = Release|x64
		{1913702D-FFCD-4D63-A428-9A9B334EB258}.Release|x86.Build.0 = Release|x64
		{39D47227-E051-45F2-96CD-8494E25FC5E7}.Debug|Any CPU.ActiveCfg = Debug|x64
		{39D47227-E051-45F2-96CD-8494E25FC5E7}.Debug|Any CPU.Build.0 = Debug|x64
		{39D47227-E051-45F2-96CD-8494E25FC5E7}.Debug|ARM.ActiveCfg = Debug|x64
		{39D47227-E051-45F2-96CD-8494E25FC5E7}.Debug|ARM.Build.0 = Debug|x64
		{39D47227-E051-45F2-96CD-8494E25FC5E7}.Debug|ARM64.ActiveCfg = Debug|x64
		{39D47227-E051-45F2-96CD-8494E25FC5E7}.Debug|ARM64.Build.0 = Debug|x64
		{39D47227-E051-45F2-96CD-8494E25FC5E7}.Debug|x64.ActiveCfg = Debug|x64
		{39D47227-E051-45F2-96CD-8494E25FC5E7}.Debug|x64.Build.0 = Debug|x64
		{39D47227-E051-45F2-96CD-8494E25FC5E7}.Debug|x86.ActiveCfg = Debug|x64
		{39D47227-E051-45F2-96CD-8494E25FC5E7}.Debug|x86.Build.0 = Debug|x64
		{39D47227-E051-45F2-96CD-8494E25FC5E7}.Release|Any CPU.ActiveCfg = Release|x64
		{39D47227-E051-45F2-96CD-8494E25FC5E7}.Release|Any CPU.Build.0 = Release|x64
		{39D47227-E051-45F2-96CD-8494E25FC5E7}.Release|ARM.ActiveCfg = Release|x64
		{39D47227-E051-45F2-96CD-8494E25FC5E7}.Release|ARM.Build.0 = Release|x64
		{39D47227-E051-45F2-96CD-8494E25FC5E7}.Release|ARM64.ActiveCfg = Release|x64
		{39D47227-E051-45F2-96CD-8494E25FC5E7}.Release|ARM64.Build.0 = Release|x64
		{39D47227-E051-45F2-96CD-8494E25FC5E7}.Release|x64.ActiveCfg = Release|x64
		{39D47227-E051-45F2-96CD-8494E25FC5E7}.Release|x64.Build.0 = Release|x64
		{39D47227-E051-45F2-96CD-8494E25FC5E7}.Release|x86.ActiveCfg = Release|x64
		{39D47227-E051-45F2-96CD-8494E25FC5E7}.Release|x86.Build.0 = Release|x64
		{7C2BE68D-BBFC-4CF3-9B8A-3436B943CD49}.Debug|Any CPU.ActiveCfg = Debug|x64
		{7C2BE68D-BBFC-4CF3-9B8A-3436B943CD49}.Debug|Any CPU.Build.0 = Debug|x64
		{7C2BE68D-BBFC-4CF3-9B8A-3436B943CD49}.Debug|ARM.ActiveCfg = Debug|x64
		{7C2BE68D-BBFC-4CF3-9B8A-3436B943CD49}.Debug|ARM.Build.0 = Debug|x64
		{7C2BE68D-BBFC-4CF3-9B8A-3436B943CD49}.Debug|ARM64.ActiveCfg = Debug|x64
		{7C2BE68D-BBFC-4CF3-9B8A-3436B943CD49}.Debug|ARM64.Build.0 = Debug|x64
		{7C2BE68D-BBFC-4CF3-9B8A-3436B943CD49}.Debug|x64.ActiveCfg = Debug|x64
		{7C2BE68D-BBFC-4CF3-9B8A-3436B943CD49}.Debug|x64.Build.0 = Debug|x64
		{7C2BE68D-BBFC-4CF3-9B8A-3436B943CD49}.Debug|x86.ActiveCfg = Debug|x64
		{7C2BE68D-BBFC-4CF3-9B8A-3436B943CD49}.Debug|x86.Build.0 = Debug|x64
		{7C2BE68D-BBFC-4CF3-9B8A-3436B943CD49}.Release|Any CPU.ActiveCfg = Release|x64
		{7C2BE68D-BBFC-4CF3-9B8A-3436B943CD49}.Release|Any CPU.Build.0 = Release|x64
		{7C2BE68D-BBFC-4CF3-9B8A-3436B943CD49}.Release|ARM.ActiveCfg = Release|x64
		{7C2BE68D-BBFC-4CF3-9B8A-3436B943CD49}.Release|ARM.Build.0 = Release|x64
		{7C2BE68D-BBFC-4CF3-9B8A-3436B943CD49}.Release|ARM64.ActiveCfg = Release|x64
		{7C2BE68D-BBFC-4CF3-9B8A-3436B943CD49}.Release|ARM64.Build.0 = Release|x64
		{7C2BE68D-BBFC-4CF3-9B8A-3436B943CD49}.Release|x64.ActiveCfg = Release|x64
		{7C2BE68D-BBFC-4CF3-9B8A-3436B943CD49}.Release|x64.Build.0 = Release|x64
		{7C2BE68D-BBFC-4CF3-9B8A-3436B943CD49}.Release|x86.ActiveCfg = Release|x64
		{7C2BE68D-BBFC-4CF3-9B8A-3436B943CD49}.Release|x86.Build.0 = Release|x64
		{AB810350-F3DC-4B89-8213-1A2CB0BCF14B}.Debug|Any CPU.ActiveCfg = Debug|x64
		{AB810350-F3DC-4B89-8213-1A2CB0BCF14B}.Debug|Any CPU.Build.0 = Debug|x64
		{AB810350-F3DC-4B89-8213-1A2CB0BCF14B}.Debug|ARM.ActiveCfg = Debug|x64
		{AB810350-F3DC-4B89-8213-1A2CB0BCF14B}.Debug|ARM.Build.0 = Debug|x64
		{AB810350-F3DC-4B89-8213-1A2CB0BCF14B}.Debug|ARM64.ActiveCfg = Debug|x64
		{AB810350-F3DC-4B89-8213-1A2CB0BCF14B}.Debug|ARM64.Build.0 = Debug|x64
		{AB810350-F3DC-4B89-8213-1A2CB0BCF14B}.Debug|x64.ActiveCfg = Debug|x64
		{AB810350-F3DC-4B89-8213-1A2CB0BCF14B}.Debug|x64.Build.0 = Debug|x64
		{AB810350-F3DC-4B89-8213-1A2CB0BCF14B}.Debug|x86.ActiveCfg = Debug|x64
		{AB810350-F3DC-4B89-8213-1A2CB0BCF14B}.Debug|x86.Build.0 = Debug|x64
		{AB810350-F3DC-4B89-8213-1A2CB0BCF14B}.Release|Any CPU.ActiveCfg = Release|x64
		{AB810350-F3DC-4B89-8213-1A2CB0BCF14B}.Release|Any CPU.Build.0 = Release|x64
		{AB810350-F3DC-4B89-8213-1A2CB0BCF14B}.Release|ARM.ActiveCfg = Release|x64
		{AB810350-F3DC-4B89-8213-1A2CB0BCF14B}.Release|ARM.Build.0 = Release|x64
		{AB810350-F3DC-4B89-8213-1A2CB0BCF14B}.Release|ARM64.ActiveCfg = Release|x64
		{AB810350-F3DC-4B89-8213-1A2CB0BCF14B}.Release|ARM64.Build.0 = Release|x64
		{AB810350-F3DC-4B89-8213-1A2CB0BCF14B}.Release|x64.ActiveCfg = Release|x64
		{AB810350-F3DC-4B89-8213-1A2CB0BCF14B}.Release|x64.Build.0 = Release|x64
		{AB810350-F3DC-4B89-8213-1A2CB0BCF14B}.Release|x86.ActiveCfg = Release|x64
		{AB810350-F3DC-4B89-8213-1A2CB0BCF14B}.Release|x86.Build.0 = Release|x64
		{336A1D06-7E52-4039-AA8C-A1D05EB99799}.Debug|Any CPU.ActiveCfg = Debug|Any CPU
		{336A1D06-7E52-4039-AA8C-A1D05EB99799}.Debug|Any CPU.Build.0 = Debug|Any CPU
		{336A1D06-7E52-4039-AA8C-A1D05EB99799}.Debug|Any CPU.Deploy.0 = Debug|Any CPU
		{336A1D06-7E52-4039-AA8C-A1D05EB99799}.Debug|ARM.ActiveCfg = Debug|ARM
		{336A1D06-7E52-4039-AA8C-A1D05EB99799}.Debug|ARM.Build.0 = Debug|ARM
		{336A1D06-7E52-4039-AA8C-A1D05EB99799}.Debug|ARM.Deploy.0 = Debug|ARM
		{336A1D06-7E52-4039-AA8C-A1D05EB99799}.Debug|ARM64.ActiveCfg = Debug|ARM64
		{336A1D06-7E52-4039-AA8C-A1D05EB99799}.Debug|ARM64.Build.0 = Debug|ARM64
		{336A1D06-7E52-4039-AA8C-A1D05EB99799}.Debug|ARM64.Deploy.0 = Debug|ARM64
		{336A1D06-7E52-4039-AA8C-A1D05EB99799}.Debug|x64.ActiveCfg = Debug|x64
		{336A1D06-7E52-4039-AA8C-A1D05EB99799}.Debug|x64.Build.0 = Debug|x64
		{336A1D06-7E52-4039-AA8C-A1D05EB99799}.Debug|x64.Deploy.0 = Debug|x64
		{336A1D06-7E52-4039-AA8C-A1D05EB99799}.Debug|x86.ActiveCfg = Debug|x86
		{336A1D06-7E52-4039-AA8C-A1D05EB99799}.Debug|x86.Build.0 = Debug|x86
		{336A1D06-7E52-4039-AA8C-A1D05EB99799}.Debug|x86.Deploy.0 = Debug|x86
		{336A1D06-7E52-4039-AA8C-A1D05EB99799}.Release|Any CPU.ActiveCfg = Release|Any CPU
		{336A1D06-7E52-4039-AA8C-A1D05EB99799}.Release|Any CPU.Build.0 = Release|Any CPU
		{336A1D06-7E52-4039-AA8C-A1D05EB99799}.Release|Any CPU.Deploy.0 = Release|Any CPU
		{336A1D06-7E52-4039-AA8C-A1D05EB99799}.Release|ARM.ActiveCfg = Release|ARM
		{336A1D06-7E52-4039-AA8C-A1D05EB99799}.Release|ARM.Build.0 = Release|ARM
		{336A1D06-7E52-4039-AA8C-A1D05EB99799}.Release|ARM.Deploy.0 = Release|ARM
		{336A1D06-7E52-4039-AA8C-A1D05EB99799}.Release|ARM64.ActiveCfg = Release|ARM64
		{336A1D06-7E52-4039-AA8C-A1D05EB99799}.Release|ARM64.Build.0 = Release|ARM64
		{336A1D06-7E52-4039-AA8C-A1D05EB99799}.Release|ARM64.Deploy.0 = Release|ARM64
		{336A1D06-7E52-4039-AA8C-A1D05EB99799}.Release|x64.ActiveCfg = Release|x64
		{336A1D06-7E52-4039-AA8C-A1D05EB99799}.Release|x64.Build.0 = Release|x64
		{336A1D06-7E52-4039-AA8C-A1D05EB99799}.Release|x64.Deploy.0 = Release|x64
		{336A1D06-7E52-4039-AA8C-A1D05EB99799}.Release|x86.ActiveCfg = Release|x86
		{336A1D06-7E52-4039-AA8C-A1D05EB99799}.Release|x86.Build.0 = Release|x86
		{336A1D06-7E52-4039-AA8C-A1D05EB99799}.Release|x86.Deploy.0 = Release|x86
	EndGlobalSection
	GlobalSection(SolutionProperties) = preSolution
		HideSolutionNode = FALSE
	EndGlobalSection
	GlobalSection(ExtensibilityGlobals) = postSolution
		SolutionGuid = {1F74B1DF-1868-44EA-A026-B4431C587AE8}
	EndGlobalSection
EndGlobal
